// !$*UTF8*$!
{
	archiveVersion = 1;
	classes = {
	};
	objectVersion = 50;
	objects = {

/* Begin PBXBuildFile section */
		3278CAAD228820C000B56431 /* UIColor+Hex.m in Sources */ = {isa = PBXBuildFile; fileRef = 3278CAAC228820C000B56431 /* UIColor+Hex.m */; };
		3278CABF228821B800B56431 /* ZZCPhotoModel.m in Sources */ = {isa = PBXBuildFile; fileRef = 3278CABE228821B800B56431 /* ZZCPhotoModel.m */; };
		3278CAC2228821CB00B56431 /* ZZCDownloadManager.m in Sources */ = {isa = PBXBuildFile; fileRef = 3278CAC1228821CB00B56431 /* ZZCDownloadManager.m */; };
		3278CAC52288221500B56431 /* ZZCWaterfallFlowLayout.m in Sources */ = {isa = PBXBuildFile; fileRef = 3278CAC42288221500B56431 /* ZZCWaterfallFlowLayout.m */; };
		3278CAC82288222600B56431 /* ZZCPhotoCollectionViewCell.m in Sources */ = {isa = PBXBuildFile; fileRef = 3278CAC72288222600B56431 /* ZZCPhotoCollectionViewCell.m */; };
		3278CACB2288223B00B56431 /* ZZCPhotoPreView.m in Sources */ = {isa = PBXBuildFile; fileRef = 3278CACA2288223B00B56431 /* ZZCPhotoPreView.m */; };
		3278CAD32288391200B56431 /* ZZCAlertController.m in Sources */ = {isa = PBXBuildFile; fileRef = 3278CAD22288391200B56431 /* ZZCAlertController.m */; };
		3278CAD9228842FC00B56431 /* ZZCShareView.m in Sources */ = {isa = PBXBuildFile; fileRef = 3278CAD8228842FC00B56431 /* ZZCShareView.m */; };
		32CCF0432287333B00F2DA54 /* AppDelegate.m in Sources */ = {isa = PBXBuildFile; fileRef = 32CCF0422287333B00F2DA54 /* AppDelegate.m */; };
		32CCF0462287333B00F2DA54 /* ViewController.m in Sources */ = {isa = PBXBuildFile; fileRef = 32CCF0452287333B00F2DA54 /* ViewController.m */; };
		32CCF0492287333B00F2DA54 /* Main.storyboard in Resources */ = {isa = PBXBuildFile; fileRef = 32CCF0472287333B00F2DA54 /* Main.storyboard */; };
		32CCF04C2287333B00F2DA54 /* unsplashPhoto.xcdatamodeld in Sources */ = {isa = PBXBuildFile; fileRef = 32CCF04A2287333B00F2DA54 /* unsplashPhoto.xcdatamodeld */; };
		32CCF04E2287333C00F2DA54 /* Assets.xcassets in Resources */ = {isa = PBXBuildFile; fileRef = 32CCF04D2287333C00F2DA54 /* Assets.xcassets */; };
		32CCF0512287333C00F2DA54 /* LaunchScreen.storyboard in Resources */ = {isa = PBXBuildFile; fileRef = 32CCF04F2287333C00F2DA54 /* LaunchScreen.storyboard */; };
		32CCF0542287333C00F2DA54 /* main.m in Sources */ = {isa = PBXBuildFile; fileRef = 32CCF0532287333C00F2DA54 /* main.m */; };
		C3DC7A07CA5F32598CDAAB9A /* libPods-unsplashPhoto.a in Frameworks */ = {isa = PBXBuildFile; fileRef = 0AD3C2B5EB1B1188868B8674 /* libPods-unsplashPhoto.a */; };
/* End PBXBuildFile section */

/* Begin PBXFileReference section */
		0891F5BBE45077E7549E5A6F /* Pods-unsplashPhoto.release.xcconfig */ = {isa = PBXFileReference; includeInIndex = 1; lastKnownFileType = text.xcconfig; name = "Pods-unsplashPhoto.release.xcconfig"; path = "Target Support Files/Pods-unsplashPhoto/Pods-unsplashPhoto.release.xcconfig"; sourceTree = "<group>"; };
		0AD3C2B5EB1B1188868B8674 /* libPods-unsplashPhoto.a */ = {isa = PBXFileReference; explicitFileType = archive.ar; includeInIndex = 0; path = "libPods-unsplashPhoto.a"; sourceTree = BUILT_PRODUCTS_DIR; };
		3278CAA42288200E00B56431 /* ConstantUI.h */ = {isa = PBXFileReference; fileEncoding = 4; lastKnownFileType = sourcecode.c.h; path = ConstantUI.h; sourceTree = "<group>"; };
		3278CAAB228820C000B56431 /* UIColor+Hex.h */ = {isa = PBXFileReference; fileEncoding = 4; lastKnownFileType = sourcecode.c.h; path = "UIColor+Hex.h"; sourceTree = "<group>"; };
		3278CAAC228820C000B56431 /* UIColor+Hex.m */ = {isa = PBXFileReference; fileEncoding = 4; lastKnownFileType = sourcecode.c.objc; path = "UIColor+Hex.m"; sourceTree = "<group>"; };
		3278CABD228821B800B56431 /* ZZCPhotoModel.h */ = {isa = PBXFileReference; lastKnownFileType = sourcecode.c.h; path = ZZCPhotoModel.h; sourceTree = "<group>"; };
		3278CABE228821B800B56431 /* ZZCPhotoModel.m */ = {isa = PBXFileReference; lastKnownFileType = sourcecode.c.objc; path = ZZCPhotoModel.m; sourceTree = "<group>"; };
		3278CAC0228821CB00B56431 /* ZZCDownloadManager.h */ = {isa = PBXFileReference; lastKnownFileType = sourcecode.c.h; path = ZZCDownloadManager.h; sourceTree = "<group>"; };
		3278CAC1228821CB00B56431 /* ZZCDownloadManager.m */ = {isa = PBXFileReference; lastKnownFileType = sourcecode.c.objc; path = ZZCDownloadManager.m; sourceTree = "<group>"; };
		3278CAC32288221500B56431 /* ZZCWaterfallFlowLayout.h */ = {isa = PBXFileReference; lastKnownFileType = sourcecode.c.h; path = ZZCWaterfallFlowLayout.h; sourceTree = "<group>"; };
		3278CAC42288221500B56431 /* ZZCWaterfallFlowLayout.m */ = {isa = PBXFileReference; lastKnownFileType = sourcecode.c.objc; path = ZZCWaterfallFlowLayout.m; sourceTree = "<group>"; };
		3278CAC62288222600B56431 /* ZZCPhotoCollectionViewCell.h */ = {isa = PBXFileReference; lastKnownFileType = sourcecode.c.h; path = ZZCPhotoCollectionViewCell.h; sourceTree = "<group>"; };
		3278CAC72288222600B56431 /* ZZCPhotoCollectionViewCell.m */ = {isa = PBXFileReference; lastKnownFileType = sourcecode.c.objc; path = ZZCPhotoCollectionViewCell.m; sourceTree = "<group>"; };
		3278CAC92288223B00B56431 /* ZZCPhotoPreView.h */ = {isa = PBXFileReference; lastKnownFileType = sourcecode.c.h; path = ZZCPhotoPreView.h; sourceTree = "<group>"; };
		3278CACA2288223B00B56431 /* ZZCPhotoPreView.m */ = {isa = PBXFileReference; lastKnownFileType = sourcecode.c.objc; path = ZZCPhotoPreView.m; sourceTree = "<group>"; };
		3278CAD12288391200B56431 /* ZZCAlertController.h */ = {isa = PBXFileReference; lastKnownFileType = sourcecode.c.h; path = ZZCAlertController.h; sourceTree = "<group>"; };
		3278CAD22288391200B56431 /* ZZCAlertController.m */ = {isa = PBXFileReference; lastKnownFileType = sourcecode.c.objc; path = ZZCAlertController.m; sourceTree = "<group>"; };
		3278CAD7228842FC00B56431 /* ZZCShareView.h */ = {isa = PBXFileReference; lastKnownFileType = sourcecode.c.h; path = ZZCShareView.h; sourceTree = "<group>"; };
		3278CAD8228842FC00B56431 /* ZZCShareView.m */ = {isa = PBXFileReference; lastKnownFileType = sourcecode.c.objc; path = ZZCShareView.m; sourceTree = "<group>"; };
		32CCF03E2287333B00F2DA54 /* unsplashPhoto.app */ = {isa = PBXFileReference; explicitFileType = wrapper.application; includeInIndex = 0; path = unsplashPhoto.app; sourceTree = BUILT_PRODUCTS_DIR; };
		32CCF0412287333B00F2DA54 /* AppDelegate.h */ = {isa = PBXFileReference; lastKnownFileType = sourcecode.c.h; path = AppDelegate.h; sourceTree = "<group>"; };
		32CCF0422287333B00F2DA54 /* AppDelegate.m */ = {isa = PBXFileReference; lastKnownFileType = sourcecode.c.objc; path = AppDelegate.m; sourceTree = "<group>"; };
		32CCF0442287333B00F2DA54 /* ViewController.h */ = {isa = PBXFileReference; lastKnownFileType = sourcecode.c.h; path = ViewController.h; sourceTree = "<group>"; };
		32CCF0452287333B00F2DA54 /* ViewController.m */ = {isa = PBXFileReference; lastKnownFileType = sourcecode.c.objc; path = ViewController.m; sourceTree = "<group>"; };
		32CCF0482287333B00F2DA54 /* Base */ = {isa = PBXFileReference; lastKnownFileType = file.storyboard; name = Base; path = Base.lproj/Main.storyboard; sourceTree = "<group>"; };
		32CCF04B2287333B00F2DA54 /* unsplashPhoto.xcdatamodel */ = {isa = PBXFileReference; lastKnownFileType = wrapper.xcdatamodel; path = unsplashPhoto.xcdatamodel; sourceTree = "<group>"; };
		32CCF04D2287333C00F2DA54 /* Assets.xcassets */ = {isa = PBXFileReference; lastKnownFileType = folder.assetcatalog; path = Assets.xcassets; sourceTree = "<group>"; };
		32CCF0502287333C00F2DA54 /* Base */ = {isa = PBXFileReference; lastKnownFileType = file.storyboard; name = Base; path = Base.lproj/LaunchScreen.storyboard; sourceTree = "<group>"; };
		32CCF0522287333C00F2DA54 /* Info.plist */ = {isa = PBXFileReference; lastKnownFileType = text.plist.xml; path = Info.plist; sourceTree = "<group>"; };
		32CCF0532287333C00F2DA54 /* main.m */ = {isa = PBXFileReference; lastKnownFileType = sourcecode.c.objc; path = main.m; sourceTree = "<group>"; };
		53D45B5206E8F3D1619811D9 /* Pods-unsplashPhoto.debug.xcconfig */ = {isa = PBXFileReference; includeInIndex = 1; lastKnownFileType = text.xcconfig; name = "Pods-unsplashPhoto.debug.xcconfig"; path = "Target Support Files/Pods-unsplashPhoto/Pods-unsplashPhoto.debug.xcconfig"; sourceTree = "<group>"; };
/* End PBXFileReference section */

/* Begin PBXFrameworksBuildPhase section */
		32CCF03B2287333B00F2DA54 /* Frameworks */ = {
			isa = PBXFrameworksBuildPhase;
			buildActionMask = 2147483647;
			files = (
				C3DC7A07CA5F32598CDAAB9A /* libPods-unsplashPhoto.a in Frameworks */,
			);
			runOnlyForDeploymentPostprocessing = 0;
		};
/* End PBXFrameworksBuildPhase section */

/* Begin PBXGroup section */
		3278CAA222881F8200B56431 /* SupportingFiles */ = {
			isa = PBXGroup;
			children = (
				3278CAA42288200E00B56431 /* ConstantUI.h */,
			);
			path = SupportingFiles;
			sourceTree = "<group>";
		};
		3278CAA52288206100B56431 /* PhotoDemo */ = {
			isa = PBXGroup;
			children = (
				3278CAA82288207E00B56431 /* Models */,
				3278CAAA2288208B00B56431 /* Views */,
				3278CAA92288208500B56431 /* Controllers */,
				3278CAA62288206B00B56431 /* UItil */,
			);
			path = PhotoDemo;
			sourceTree = "<group>";
		};
		3278CAA62288206B00B56431 /* UItil */ = {
			isa = PBXGroup;
			children = (
				3278CAAB228820C000B56431 /* UIColor+Hex.h */,
				3278CAAC228820C000B56431 /* UIColor+Hex.m */,
				3278CAD12288391200B56431 /* ZZCAlertController.h */,
				3278CAD22288391200B56431 /* ZZCAlertController.m */,
			);
			path = UItil;
			sourceTree = "<group>";
		};
		3278CAA82288207E00B56431 /* Models */ = {
			isa = PBXGroup;
			children = (
				3278CABD228821B800B56431 /* ZZCPhotoModel.h */,
				3278CABE228821B800B56431 /* ZZCPhotoModel.m */,
				3278CAC0228821CB00B56431 /* ZZCDownloadManager.h */,
				3278CAC1228821CB00B56431 /* ZZCDownloadManager.m */,
			);
			path = Models;
			sourceTree = "<group>";
		};
		3278CAA92288208500B56431 /* Controllers */ = {
			isa = PBXGroup;
			children = (
			);
			path = Controllers;
			sourceTree = "<group>";
		};
		3278CAAA2288208B00B56431 /* Views */ = {
			isa = PBXGroup;
			children = (
				3278CAC32288221500B56431 /* ZZCWaterfallFlowLayout.h */,
				3278CAC42288221500B56431 /* ZZCWaterfallFlowLayout.m */,
				3278CAC62288222600B56431 /* ZZCPhotoCollectionViewCell.h */,
				3278CAC72288222600B56431 /* ZZCPhotoCollectionViewCell.m */,
				3278CAC92288223B00B56431 /* ZZCPhotoPreView.h */,
				3278CACA2288223B00B56431 /* ZZCPhotoPreView.m */,
				3278CAD7228842FC00B56431 /* ZZCShareView.h */,
				3278CAD8228842FC00B56431 /* ZZCShareView.m */,
			);
			path = Views;
			sourceTree = "<group>";
		};
		32CCF0352287333B00F2DA54 = {
			isa = PBXGroup;
			children = (
				32CCF0402287333B00F2DA54 /* unsplashPhoto */,
				32CCF03F2287333B00F2DA54 /* Products */,
				EAC86B7DB46132C711AA82DF /* Pods */,
				94D3F4D7733B1EFCCBDE3E0C /* Frameworks */,
			);
			sourceTree = "<group>";
		};
		32CCF03F2287333B00F2DA54 /* Products */ = {
			isa = PBXGroup;
			children = (
				32CCF03E2287333B00F2DA54 /* unsplashPhoto.app */,
			);
			name = Products;
			sourceTree = "<group>";
		};
		32CCF0402287333B00F2DA54 /* unsplashPhoto */ = {
			isa = PBXGroup;
			children = (
				3278CAA52288206100B56431 /* PhotoDemo */,
				3278CAA222881F8200B56431 /* SupportingFiles */,
				32CCF0412287333B00F2DA54 /* AppDelegate.h */,
				32CCF0422287333B00F2DA54 /* AppDelegate.m */,
				32CCF0442287333B00F2DA54 /* ViewController.h */,
				32CCF0452287333B00F2DA54 /* ViewController.m */,
				32CCF0472287333B00F2DA54 /* Main.storyboard */,
				32CCF04D2287333C00F2DA54 /* Assets.xcassets */,
				32CCF04F2287333C00F2DA54 /* LaunchScreen.storyboard */,
				32CCF0522287333C00F2DA54 /* Info.plist */,
				32CCF0532287333C00F2DA54 /* main.m */,
				32CCF04A2287333B00F2DA54 /* unsplashPhoto.xcdatamodeld */,
			);
			path = unsplashPhoto;
			sourceTree = "<group>";
		};
		94D3F4D7733B1EFCCBDE3E0C /* Frameworks */ = {
			isa = PBXGroup;
			children = (
				0AD3C2B5EB1B1188868B8674 /* libPods-unsplashPhoto.a */,
			);
			name = Frameworks;
			sourceTree = "<group>";
		};
		EAC86B7DB46132C711AA82DF /* Pods */ = {
			isa = PBXGroup;
			children = (
				53D45B5206E8F3D1619811D9 /* Pods-unsplashPhoto.debug.xcconfig */,
				0891F5BBE45077E7549E5A6F /* Pods-unsplashPhoto.release.xcconfig */,
			);
			path = Pods;
			sourceTree = "<group>";
		};
/* End PBXGroup section */

/* Begin PBXNativeTarget section */
		32CCF03D2287333B00F2DA54 /* unsplashPhoto */ = {
			isa = PBXNativeTarget;
			buildConfigurationList = 32CCF0572287333C00F2DA54 /* Build configuration list for PBXNativeTarget "unsplashPhoto" */;
			buildPhases = (
				9A711A1163B1DF4D158180B7 /* [CP] Check Pods Manifest.lock */,
				32CCF03A2287333B00F2DA54 /* Sources */,
				32CCF03B2287333B00F2DA54 /* Frameworks */,
				32CCF03C2287333B00F2DA54 /* Resources */,
				D180CECFFFE483DB00C3335E /* [CP] Copy Pods Resources */,
			);
			buildRules = (
			);
			dependencies = (
			);
			name = unsplashPhoto;
			productName = unsplashPhoto;
			productReference = 32CCF03E2287333B00F2DA54 /* unsplashPhoto.app */;
			productType = "com.apple.product-type.application";
		};
/* End PBXNativeTarget section */

/* Begin PBXProject section */
		32CCF0362287333B00F2DA54 /* Project object */ = {
			isa = PBXProject;
			attributes = {
				LastUpgradeCheck = 1010;
				ORGANIZATIONNAME = MrZhou;
				TargetAttributes = {
					32CCF03D2287333B00F2DA54 = {
						CreatedOnToolsVersion = 10.1;
					};
				};
			};
			buildConfigurationList = 32CCF0392287333B00F2DA54 /* Build configuration list for PBXProject "unsplashPhoto" */;
			compatibilityVersion = "Xcode 9.3";
			developmentRegion = en;
			hasScannedForEncodings = 0;
			knownRegions = (
				en,
				Base,
			);
			mainGroup = 32CCF0352287333B00F2DA54;
			productRefGroup = 32CCF03F2287333B00F2DA54 /* Products */;
			projectDirPath = "";
			projectRoot = "";
			targets = (
				32CCF03D2287333B00F2DA54 /* unsplashPhoto */,
			);
		};
/* End PBXProject section */

/* Begin PBXResourcesBuildPhase section */
		32CCF03C2287333B00F2DA54 /* Resources */ = {
			isa = PBXResourcesBuildPhase;
			buildActionMask = 2147483647;
			files = (
				32CCF0512287333C00F2DA54 /* LaunchScreen.storyboard in Resources */,
				32CCF04E2287333C00F2DA54 /* Assets.xcassets in Resources */,
				32CCF0492287333B00F2DA54 /* Main.storyboard in Resources */,
			);
			runOnlyForDeploymentPostprocessing = 0;
		};
/* End PBXResourcesBuildPhase section */

/* Begin PBXShellScriptBuildPhase section */
		9A711A1163B1DF4D158180B7 /* [CP] Check Pods Manifest.lock */ = {
			isa = PBXShellScriptBuildPhase;
			buildActionMask = 2147483647;
			files = (
			);
			inputFileListPaths = (
			);
			inputPaths = (
				"${PODS_PODFILE_DIR_PATH}/Podfile.lock",
				"${PODS_ROOT}/Manifest.lock",
			);
			name = "[CP] Check Pods Manifest.lock";
			outputFileListPaths = (
			);
			outputPaths = (
				"$(DERIVED_FILE_DIR)/Pods-unsplashPhoto-checkManifestLockResult.txt",
			);
			runOnlyForDeploymentPostprocessing = 0;
			shellPath = /bin/sh;
			shellScript = "diff \"${PODS_PODFILE_DIR_PATH}/Podfile.lock\" \"${PODS_ROOT}/Manifest.lock\" > /dev/null\nif [ $? != 0 ] ; then\n    # print error to STDERR\n    echo \"error: The sandbox is not in sync with the Podfile.lock. Run 'pod install' or update your CocoaPods installation.\" >&2\n    exit 1\nfi\n# This output is used by Xcode 'outputs' to avoid re-running this script phase.\necho \"SUCCESS\" > \"${SCRIPT_OUTPUT_FILE_0}\"\n";
			showEnvVarsInLog = 0;
		};
		D180CECFFFE483DB00C3335E /* [CP] Copy Pods Resources */ = {
			isa = PBXShellScriptBuildPhase;
			buildActionMask = 2147483647;
			files = (
			);
			inputFileListPaths = (
			);
			inputPaths = (
				"${PODS_ROOT}/Target Support Files/Pods-unsplashPhoto/Pods-unsplashPhoto-resources.sh",
				"${PODS_ROOT}/MJRefresh/MJRefresh/MJRefresh.bundle",
			);
			name = "[CP] Copy Pods Resources";
			outputFileListPaths = (
			);
			outputPaths = (
				"${TARGET_BUILD_DIR}/${UNLOCALIZED_RESOURCES_FOLDER_PATH}/MJRefresh.bundle",
			);
			runOnlyForDeploymentPostprocessing = 0;
			shellPath = /bin/sh;
			shellScript = "\"${PODS_ROOT}/Target Support Files/Pods-unsplashPhoto/Pods-unsplashPhoto-resources.sh\"\n";
			showEnvVarsInLog = 0;
		};
/* End PBXShellScriptBuildPhase section */

/* Begin PBXSourcesBuildPhase section */
		32CCF03A2287333B00F2DA54 /* Sources */ = {
			isa = PBXSourcesBuildPhase;
			buildActionMask = 2147483647;
			files = (
				32CCF0462287333B00F2DA54 /* ViewController.m in Sources */,
				3278CAAD228820C000B56431 /* UIColor+Hex.m in Sources */,
				3278CAD32288391200B56431 /* ZZCAlertController.m in Sources */,
				3278CAC52288221500B56431 /* ZZCWaterfallFlowLayout.m in Sources */,
				3278CAD9228842FC00B56431 /* ZZCShareView.m in Sources */,
				32CCF0432287333B00F2DA54 /* AppDelegate.m in Sources */,
				32CCF0542287333C00F2DA54 /* main.m in Sources */,
				3278CABF228821B800B56431 /* ZZCPhotoModel.m in Sources */,
				32CCF04C2287333B00F2DA54 /* unsplashPhoto.xcdatamodeld in Sources */,
				3278CACB2288223B00B56431 /* ZZCPhotoPreView.m in Sources */,
				3278CAC2228821CB00B56431 /* ZZCDownloadManager.m in Sources */,
				3278CAC82288222600B56431 /* ZZCPhotoCollectionViewCell.m in Sources */,
			);
			runOnlyForDeploymentPostprocessing = 0;
		};
/* End PBXSourcesBuildPhase section */

/* Begin PBXVariantGroup section */
		32CCF0472287333B00F2DA54 /* Main.storyboard */ = {
			isa = PBXVariantGroup;
			children = (
				32CCF0482287333B00F2DA54 /* Base */,
			);
			name = Main.storyboard;
			sourceTree = "<group>";
		};
		32CCF04F2287333C00F2DA54 /* LaunchScreen.storyboard */ = {
			isa = PBXVariantGroup;
			children = (
				32CCF0502287333C00F2DA54 /* Base */,
			);
			name = LaunchScreen.storyboard;
			sourceTree = "<group>";
		};
/* End PBXVariantGroup section */

/* Begin XCBuildConfiguration section */
		32CCF0552287333C00F2DA54 /* Debug */ = {
			isa = XCBuildConfiguration;
			buildSettings = {
				ALWAYS_SEARCH_USER_PATHS = NO;
				CLANG_ANALYZER_NONNULL = YES;
				CLANG_ANALYZER_NUMBER_OBJECT_CONVERSION = YES_AGGRESSIVE;
				CLANG_CXX_LANGUAGE_STANDARD = "gnu++14";
				CLANG_CXX_LIBRARY = "libc++";
				CLANG_ENABLE_MODULES = YES;
				CLANG_ENABLE_OBJC_ARC = YES;
				CLANG_ENABLE_OBJC_WEAK = YES;
				CLANG_WARN_BLOCK_CAPTURE_AUTORELEASING = YES;
				CLANG_WARN_BOOL_CONVERSION = YES;
				CLANG_WARN_COMMA = YES;
				CLANG_WARN_CONSTANT_CONVERSION = YES;
				CLANG_WARN_DEPRECATED_OBJC_IMPLEMENTATIONS = YES;
				CLANG_WARN_DIRECT_OBJC_ISA_USAGE = YES_ERROR;
				CLANG_WARN_DOCUMENTATION_COMMENTS = YES;
				CLANG_WARN_EMPTY_BODY = YES;
				CLANG_WARN_ENUM_CONVERSION = YES;
				CLANG_WARN_INFINITE_RECURSION = YES;
				CLANG_WARN_INT_CONVERSION = YES;
				CLANG_WARN_NON_LITERAL_NULL_CONVERSION = YES;
				CLANG_WARN_OBJC_IMPLICIT_RETAIN_SELF = YES;
				CLANG_WARN_OBJC_LITERAL_CONVERSION = YES;
				CLANG_WARN_OBJC_ROOT_CLASS = YES_ERROR;
				CLANG_WARN_RANGE_LOOP_ANALYSIS = YES;
				CLANG_WARN_STRICT_PROTOTYPES = YES;
				CLANG_WARN_SUSPICIOUS_MOVE = YES;
				CLANG_WARN_UNGUARDED_AVAILABILITY = YES_AGGRESSIVE;
				CLANG_WARN_UNREACHABLE_CODE = YES;
				CLANG_WARN__DUPLICATE_METHOD_MATCH = YES;
				CODE_SIGN_IDENTITY = "iPhone Developer";
				COPY_PHASE_STRIP = NO;
				DEBUG_INFORMATION_FORMAT = dwarf;
				ENABLE_STRICT_OBJC_MSGSEND = YES;
				ENABLE_TESTABILITY = YES;
				GCC_C_LANGUAGE_STANDARD = gnu11;
				GCC_DYNAMIC_NO_PIC = NO;
				GCC_NO_COMMON_BLOCKS = YES;
				GCC_OPTIMIZATION_LEVEL = 0;
				GCC_PREPROCESSOR_DEFINITIONS = (
					"DEBUG=1",
					"$(inherited)",
				);
				GCC_WARN_64_TO_32_BIT_CONVERSION = YES;
				GCC_WARN_ABOUT_RETURN_TYPE = YES_ERROR;
				GCC_WARN_UNDECLARED_SELECTOR = YES;
				GCC_WARN_UNINITIALIZED_AUTOS = YES_AGGRESSIVE;
				GCC_WARN_UNUSED_FUNCTION = YES;
				GCC_WARN_UNUSED_VARIABLE = YES;
				IPHONEOS_DEPLOYMENT_TARGET = 12.1;
				MTL_ENABLE_DEBUG_INFO = INCLUDE_SOURCE;
				MTL_FAST_MATH = YES;
				ONLY_ACTIVE_ARCH = YES;
				SDKROOT = iphoneos;
			};
			name = Debug;
		};
		32CCF0562287333C00F2DA54 /* Release */ = {
			isa = XCBuildConfiguration;
			buildSettings = {
				ALWAYS_SEARCH_USER_PATHS = NO;
				CLANG_ANALYZER_NONNULL = YES;
				CLANG_ANALYZER_NUMBER_OBJECT_CONVERSION = YES_AGGRESSIVE;
				CLANG_CXX_LANGUAGE_STANDARD = "gnu++14";
				CLANG_CXX_LIBRARY = "libc++";
				CLANG_ENABLE_MODULES = YES;
				CLANG_ENABLE_OBJC_ARC = YES;
				CLANG_ENABLE_OBJC_WEAK = YES;
				CLANG_WARN_BLOCK_CAPTURE_AUTORELEASING = YES;
				CLANG_WARN_BOOL_CONVERSION = YES;
				CLANG_WARN_COMMA = YES;
				CLANG_WARN_CONSTANT_CONVERSION = YES;
				CLANG_WARN_DEPRECATED_OBJC_IMPLEMENTATIONS = YES;
				CLANG_WARN_DIRECT_OBJC_ISA_USAGE = YES_ERROR;
				CLANG_WARN_DOCUMENTATION_COMMENTS = YES;
				CLANG_WARN_EMPTY_BODY = YES;
				CLANG_WARN_ENUM_CONVERSION = YES;
				CLANG_WARN_INFINITE_RECURSION = YES;
				CLANG_WARN_INT_CONVERSION = YES;
				CLANG_WARN_NON_LITERAL_NULL_CONVERSION = YES;
				CLANG_WARN_OBJC_IMPLICIT_RETAIN_SELF = YES;
				CLANG_WARN_OBJC_LITERAL_CONVERSION = YES;
				CLANG_WARN_OBJC_ROOT_CLASS = YES_ERROR;
				CLANG_WARN_RANGE_LOOP_ANALYSIS = YES;
				CLANG_WARN_STRICT_PROTOTYPES = YES;
				CLANG_WARN_SUSPICIOUS_MOVE = YES;
				CLANG_WARN_UNGUARDED_AVAILABILITY = YES_AGGRESSIVE;
				CLANG_WARN_UNREACHABLE_CODE = YES;
				CLANG_WARN__DUPLICATE_METHOD_MATCH = YES;
				CODE_SIGN_IDENTITY = "iPhone Developer";
				COPY_PHASE_STRIP = NO;
				DEBUG_INFORMATION_FORMAT = "dwarf-with-dsym";
				ENABLE_NS_ASSERTIONS = NO;
				ENABLE_STRICT_OBJC_MSGSEND = YES;
				GCC_C_LANGUAGE_STANDARD = gnu11;
				GCC_NO_COMMON_BLOCKS = YES;
				GCC_WARN_64_TO_32_BIT_CONVERSION = YES;
				GCC_WARN_ABOUT_RETURN_TYPE = YES_ERROR;
				GCC_WARN_UNDECLARED_SELECTOR = YES;
				GCC_WARN_UNINITIALIZED_AUTOS = YES_AGGRESSIVE;
				GCC_WARN_UNUSED_FUNCTION = YES;
				GCC_WARN_UNUSED_VARIABLE = YES;
				IPHONEOS_DEPLOYMENT_TARGET = 12.1;
				MTL_ENABLE_DEBUG_INFO = NO;
				MTL_FAST_MATH = YES;
				SDKROOT = iphoneos;
				VALIDATE_PRODUCT = YES;
			};
			name = Release;
		};
		32CCF0582287333C00F2DA54 /* Debug */ = {
			isa = XCBuildConfiguration;
			baseConfigurationReference = 53D45B5206E8F3D1619811D9 /* Pods-unsplashPhoto.debug.xcconfig */;
			buildSettings = {
				ASSETCATALOG_COMPILER_APPICON_NAME = AppIcon;
				CODE_SIGN_STYLE = Automatic;
				DEVELOPMENT_TEAM = 9J9386XJ2F;
				INFOPLIST_FILE = unsplashPhoto/Info.plist;
				IPHONEOS_DEPLOYMENT_TARGET = 8.0;
				LD_RUNPATH_SEARCH_PATHS = (
					"$(inherited)",
					"@executable_path/Frameworks",
				);
				PRODUCT_BUNDLE_IDENTIFIER = zzc.unsplashPhoto;
				PRODUCT_NAME = "$(TARGET_NAME)";
				TARGETED_DEVICE_FAMILY = "1,2";
			};
			name = Debug;
		};
		32CCF0592287333C00F2DA54 /* Release */ = {
			isa = XCBuildConfiguration;
			baseConfigurationReference = 0891F5BBE45077E7549E5A6F /* Pods-unsplashPhoto.release.xcconfig */;
			buildSettings = {
				ASSETCATALOG_COMPILER_APPICON_NAME = AppIcon;
				CODE_SIGN_STYLE = Automatic;
				DEVELOPMENT_TEAM = 9J9386XJ2F;
				INFOPLIST_FILE = unsplashPhoto/Info.plist;
				IPHONEOS_DEPLOYMENT_TARGET = 8.0;
				LD_RUNPATH_SEARCH_PATHS = (
					"$(inherited)",
					"@executable_path/Frameworks",
				);
				PRODUCT_BUNDLE_IDENTIFIER = zzc.unsplashPhoto;
				PRODUCT_NAME = "$(TARGET_NAME)";
				TARGETED_DEVICE_FAMILY = "1,2";
			};
			name = Release;
		};
/* End XCBuildConfiguration section */

/* Begin XCConfigurationList section */
		32CCF0392287333B00F2DA54 /* Build configuration list for PBXProject "unsplashPhoto" */ = {
			isa = XCConfigurationList;
			buildConfigurations = (
				32CCF0552287333C00F2DA54 /* Debug */,
				32CCF0562287333C00F2DA54 /* Release */,
			);
			defaultConfigurationIsVisible = 0;
			defaultConfigurationName = Release;
		};
		32CCF0572287333C00F2DA54 /* Build configuration list for PBXNativeTarget "unsplashPhoto" */ = {
			isa = XCConfigurationList;
			buildConfigurations = (
				32CCF0582287333C00F2DA54 /* Debug */,
				32CCF0592287333C00F2DA54 /* Release */,
			);
			defaultConfigurationIsVisible = 0;
			defaultConfigurationName = Release;
		};
/* End XCConfigurationList section */

/* Begin XCVersionGroup section */
		32CCF04A2287333B00F2DA54 /* unsplashPhoto.xcdatamodeld */ = {
			isa = XCVersionGroup;
			children = (
				32CCF04B2287333B00F2DA54 /* unsplashPhoto.xcdatamodel */,
			);
			currentVersion = 32CCF04B2287333B00F2DA54 /* unsplashPhoto.xcdatamodel */;
			path = unsplashPhoto.xcdatamodeld;
			sourceTree = "<group>";
			versionGroupType = wrapper.xcdatamodel;
		};
/* End XCVersionGroup section */
	};
	rootObject = 32CCF0362287333B00F2DA54 /* Project object */;
}
